
Microsoft Visual Studio Solution File, Format Version 12.00
# Visual Studio Version 16
VisualStudioVersion = 16.0.31702.278
MinimumVisualStudioVersion = 10.0.40219.1
Project("{9A19103F-16F7-4668-BE54-9A1E7A4F7556}") = "Figures", "Figures.csproj", "{8ADA5ADF-82C7-4E14-AD66-79BB1AFB0B8B}"
EndProject
Project("{FAE04EC0-301F-11D3-BF4B-00C04F79EFBC}") = "TestFigures", "..\TestFigures\TestFigures.csproj", "{2A3B4B41-B664-4171-9989-B3E4DF6125CA}"
EndProject
Project("{FAE04EC0-301F-11D3-BF4B-00C04F79EFBC}") = "FigureExample", "..\FigureExample\FigureExample.csproj", "{B7A91DB6-03BF-4BFB-8F85-D14FEA0AA1DC}"
EndProject
Global
	GlobalSection(SolutionConfigurationPlatforms) = preSolution
		Debug|Any CPU = Debug|Any CPU
		Release|Any CPU = Release|Any CPU
	EndGlobalSection
	GlobalSection(ProjectConfigurationPlatforms) = postSolution
		{8ADA5ADF-82C7-4E14-AD66-79BB1AFB0B8B}.Debug|Any CPU.ActiveCfg = Debug|Any CPU
		{8ADA5ADF-82C7-4E14-AD66-79BB1AFB0B8B}.Debug|Any CPU.Build.0 = Debug|Any CPU
		{8ADA5ADF-82C7-4E14-AD66-79BB1AFB0B8B}.Release|Any CPU.ActiveCfg = Release|Any CPU
		{8ADA5ADF-82C7-4E14-AD66-79BB1AFB0B8B}.Release|Any CPU.Build.0 = Release|Any CPU
		{2A3B4B41-B664-4171-9989-B3E4DF6125CA}.Debug|Any CPU.ActiveCfg = Debug|Any CPU
		{2A3B4B41-B664-4171-9989-B3E4DF6125CA}.Debug|Any CPU.Build.0 = Debug|Any CPU
		{2A3B4B41-B664-4171-9989-B3E4DF6125CA}.Release|Any CPU.ActiveCfg = Release|Any CPU
		{2A3B4B41-B664-4171-9989-B3E4DF6125CA}.Release|Any CPU.Build.0 = Release|Any CPU
		{B7A91DB6-03BF-4BFB-8F85-D14FEA0AA1DC}.Debug|Any CPU.ActiveCfg = Debug|Any CPU
		{B7A91DB6-03BF-4BFB-8F85-D14FEA0AA1DC}.Debug|Any CPU.Build.0 = Debug|Any CPU
		{B7A91DB6-03BF-4BFB-8F85-D14FEA0AA1DC}.Release|Any CPU.ActiveCfg = Release|Any CPU
		{B7A91DB6-03BF-4BFB-8F85-D14FEA0AA1DC}.Release|Any CPU.Build.0 = Release|Any CPU
	EndGlobalSection
	GlobalSection(SolutionProperties) = preSolution
		HideSolutionNode = FALSE
	EndGlobalSection
	GlobalSection(ExtensibilityGlobals) = postSolution
		SolutionGuid = {FBB66EE8-5F4C-4BA3-8929-24324C0A44FF}
	EndGlobalSection
EndGlobal
